// !$*UTF8*$!
{
	archiveVersion = 1;
	classes = {
	};
	objectVersion = 46;
	objects = {

/* Begin PBXBuildFile section */
		071986F3A7E398C9ACB9DE17 /* Pods_AllIHave_Swift.framework in Frameworks */ = {isa = PBXBuildFile; fileRef = 661D0694B060D314DE176698 /* Pods_AllIHave_Swift.framework */; };
		15147C361DB4FE8E0099ECBD /* 3DTouchViewController.swift in Sources */ = {isa = PBXBuildFile; fileRef = 15147C351DB4FE8E0099ECBD /* 3DTouchViewController.swift */; };
		15E672B41DA88DF000978179 /* AppDelegate.swift in Sources */ = {isa = PBXBuildFile; fileRef = 15E672B31DA88DF000978179 /* AppDelegate.swift */; };
		15E672B91DA88DF000978179 /* Main.storyboard in Resources */ = {isa = PBXBuildFile; fileRef = 15E672B71DA88DF000978179 /* Main.storyboard */; };
		15E672BB1DA88DF000978179 /* Assets.xcassets in Resources */ = {isa = PBXBuildFile; fileRef = 15E672BA1DA88DF000978179 /* Assets.xcassets */; };
		15E672BE1DA88DF000978179 /* LaunchScreen.storyboard in Resources */ = {isa = PBXBuildFile; fileRef = 15E672BC1DA88DF000978179 /* LaunchScreen.storyboard */; };
		15E672C71DA88EAC00978179 /* MoveView.swift in Sources */ = {isa = PBXBuildFile; fileRef = 15E672C61DA88EAC00978179 /* MoveView.swift */; };
		15E672C91DA8938300978179 /* HomeViewController.swift in Sources */ = {isa = PBXBuildFile; fileRef = 15E672C81DA8938300978179 /* HomeViewController.swift */; };
		15E672CE1DA89F8700978179 /* Img0.jpg in Resources */ = {isa = PBXBuildFile; fileRef = 15E672CD1DA89F8700978179 /* Img0.jpg */; };
		15E672D21DA89FB400978179 /* Img1.jpg in Resources */ = {isa = PBXBuildFile; fileRef = 15E672D11DA89FB400978179 /* Img1.jpg */; };
		15FEBAD51DAA14CD00628035 /* MoveViewController.swift in Sources */ = {isa = PBXBuildFile; fileRef = 15FEBAD41DAA14CD00628035 /* MoveViewController.swift */; };
/* End PBXBuildFile section */

/* Begin PBXFileReference section */
		15147C351DB4FE8E0099ECBD /* 3DTouchViewController.swift */ = {isa = PBXFileReference; fileEncoding = 4; lastKnownFileType = sourcecode.swift; path = 3DTouchViewController.swift; sourceTree = "<group>"; };
		15E672B01DA88DF000978179 /* AllIHave_Swift.app */ = {isa = PBXFileReference; explicitFileType = wrapper.application; includeInIndex = 0; path = AllIHave_Swift.app; sourceTree = BUILT_PRODUCTS_DIR; };
		15E672B31DA88DF000978179 /* AppDelegate.swift */ = {isa = PBXFileReference; lastKnownFileType = sourcecode.swift; path = AppDelegate.swift; sourceTree = "<group>"; };
		15E672B81DA88DF000978179 /* Base */ = {isa = PBXFileReference; lastKnownFileType = file.storyboard; name = Base; path = Base.lproj/Main.storyboard; sourceTree = "<group>"; };
		15E672BA1DA88DF000978179 /* Assets.xcassets */ = {isa = PBXFileReference; lastKnownFileType = folder.assetcatalog; path = Assets.xcassets; sourceTree = "<group>"; };
		15E672BD1DA88DF000978179 /* Base */ = {isa = PBXFileReference; lastKnownFileType = file.storyboard; name = Base; path = Base.lproj/LaunchScreen.storyboard; sourceTree = "<group>"; };
		15E672BF1DA88DF000978179 /* Info.plist */ = {isa = PBXFileReference; lastKnownFileType = text.plist.xml; path = Info.plist; sourceTree = "<group>"; };
		15E672C61DA88EAC00978179 /* MoveView.swift */ = {isa = PBXFileReference; fileEncoding = 4; lastKnownFileType = sourcecode.swift; path = MoveView.swift; sourceTree = "<group>"; };
		15E672C81DA8938300978179 /* HomeViewController.swift */ = {isa = PBXFileReference; fileEncoding = 4; lastKnownFileType = sourcecode.swift; path = HomeViewController.swift; sourceTree = "<group>"; };
		15E672CD1DA89F8700978179 /* Img0.jpg */ = {isa = PBXFileReference; lastKnownFileType = image.jpeg; path = Img0.jpg; sourceTree = "<group>"; };
		15E672D11DA89FB400978179 /* Img1.jpg */ = {isa = PBXFileReference; lastKnownFileType = image.jpeg; path = Img1.jpg; sourceTree = "<group>"; };
		15FEBAD41DAA14CD00628035 /* MoveViewController.swift */ = {isa = PBXFileReference; fileEncoding = 4; lastKnownFileType = sourcecode.swift; path = MoveViewController.swift; sourceTree = "<group>"; };
		661D0694B060D314DE176698 /* Pods_AllIHave_Swift.framework */ = {isa = PBXFileReference; explicitFileType = wrapper.framework; includeInIndex = 0; path = Pods_AllIHave_Swift.framework; sourceTree = BUILT_PRODUCTS_DIR; };
		79C1AE05B798E3E53A7A6D71 /* Pods-AllIHave_Swift.release.xcconfig */ = {isa = PBXFileReference; includeInIndex = 1; lastKnownFileType = text.xcconfig; name = "Pods-AllIHave_Swift.release.xcconfig"; path = "Pods/Target Support Files/Pods-AllIHave_Swift/Pods-AllIHave_Swift.release.xcconfig"; sourceTree = "<group>"; };
		A8E73AA93BEEEF1886CDC650 /* Pods-AllIHave_Swift.debug.xcconfig */ = {isa = PBXFileReference; includeInIndex = 1; lastKnownFileType = text.xcconfig; name = "Pods-AllIHave_Swift.debug.xcconfig"; path = "Pods/Target Support Files/Pods-AllIHave_Swift/Pods-AllIHave_Swift.debug.xcconfig"; sourceTree = "<group>"; };
/* End PBXFileReference section */

/* Begin PBXFrameworksBuildPhase section */
		15E672AD1DA88DF000978179 /* Frameworks */ = {
			isa = PBXFrameworksBuildPhase;
			buildActionMask = 2147483647;
			files = (
				071986F3A7E398C9ACB9DE17 /* Pods_AllIHave_Swift.framework in Frameworks */,
			);
			runOnlyForDeploymentPostprocessing = 0;
		};
/* End PBXFrameworksBuildPhase section */

/* Begin PBXGroup section */
		15E672A71DA88DF000978179 = {
			isa = PBXGroup;
			children = (
				15E672B21DA88DF000978179 /* AllIHave_Swift */,
				15E672B11DA88DF000978179 /* Products */,
				73B454EECD77A57D41629BDF /* Pods */,
				E5F6688370474D8C8FE8BC9F /* Frameworks */,
			);
			sourceTree = "<group>";
		};
		15E672B11DA88DF000978179 /* Products */ = {
			isa = PBXGroup;
			children = (
				15E672B01DA88DF000978179 /* AllIHave_Swift.app */,
			);
			name = Products;
			sourceTree = "<group>";
		};
		15E672B21DA88DF000978179 /* AllIHave_Swift */ = {
			isa = PBXGroup;
			children = (
				15EDC9391DAB1C9600CDD1F6 /* AppResource */,
				15FEBAD31DAA14B100628035 /* Controller */,
				15E672C51DA88E1500978179 /* Library */,
				15E672B31DA88DF000978179 /* AppDelegate.swift */,
				15E672C81DA8938300978179 /* HomeViewController.swift */,
				15E672B71DA88DF000978179 /* Main.storyboard */,
				15E672BA1DA88DF000978179 /* Assets.xcassets */,
				15E672BC1DA88DF000978179 /* LaunchScreen.storyboard */,
				15E672BF1DA88DF000978179 /* Info.plist */,
				15E672CA1DA89E4B00978179 /* Images */,
			);
			path = AllIHave_Swift;
			sourceTree = "<group>";
		};
		15E672C51DA88E1500978179 /* Library */ = {
			isa = PBXGroup;
			children = (
				15E672C61DA88EAC00978179 /* MoveView.swift */,
			);
			path = Library;
			sourceTree = "<group>";
		};
		15E672CA1DA89E4B00978179 /* Images */ = {
			isa = PBXGroup;
			children = (
				15E672CD1DA89F8700978179 /* Img0.jpg */,
				15E672D11DA89FB400978179 /* Img1.jpg */,
			);
			path = Images;
			sourceTree = "<group>";
		};
		15EDC9391DAB1C9600CDD1F6 /* AppResource */ = {
			isa = PBXGroup;
			children = (
			);
			path = AppResource;
			sourceTree = "<group>";
		};
		15FEBAD31DAA14B100628035 /* Controller */ = {
			isa = PBXGroup;
			children = (
				15147C351DB4FE8E0099ECBD /* 3DTouchViewController.swift */,
				15FEBAD41DAA14CD00628035 /* MoveViewController.swift */,
			);
			path = Controller;
			sourceTree = "<group>";
		};
		73B454EECD77A57D41629BDF /* Pods */ = {
			isa = PBXGroup;
			children = (
				A8E73AA93BEEEF1886CDC650 /* Pods-AllIHave_Swift.debug.xcconfig */,
				79C1AE05B798E3E53A7A6D71 /* Pods-AllIHave_Swift.release.xcconfig */,
			);
			name = Pods;
			sourceTree = "<group>";
		};
		E5F6688370474D8C8FE8BC9F /* Frameworks */ = {
			isa = PBXGroup;
			children = (
				661D0694B060D314DE176698 /* Pods_AllIHave_Swift.framework */,
			);
			name = Frameworks;
			sourceTree = "<group>";
		};
/* End PBXGroup section */

/* Begin PBXNativeTarget section */
		15E672AF1DA88DF000978179 /* AllIHave_Swift */ = {
			isa = PBXNativeTarget;
			buildConfigurationList = 15E672C21DA88DF000978179 /* Build configuration list for PBXNativeTarget "AllIHave_Swift" */;
			buildPhases = (
				91246DDBBDD7A56E14680333 /* [CP] Check Pods Manifest.lock */,
				15E672AC1DA88DF000978179 /* Sources */,
				15E672AD1DA88DF000978179 /* Frameworks */,
				15E672AE1DA88DF000978179 /* Resources */,
				4A58126AB056C50559967617 /* [CP] Embed Pods Frameworks */,
				1638E624C357E77333C71F63 /* [CP] Copy Pods Resources */,
			);
			buildRules = (
			);
			dependencies = (
			);
			name = AllIHave_Swift;
			productName = AllIHave_Swift;
			productReference = 15E672B01DA88DF000978179 /* AllIHave_Swift.app */;
			productType = "com.apple.product-type.application";
		};
/* End PBXNativeTarget section */

/* Begin PBXProject section */
		15E672A81DA88DF000978179 /* Project object */ = {
			isa = PBXProject;
			attributes = {
				LastSwiftUpdateCheck = 0800;
				LastUpgradeCheck = 0800;
				ORGANIZATIONNAME = daisy;
				TargetAttributes = {
					15E672AF1DA88DF000978179 = {
						CreatedOnToolsVersion = 8.0;
						DevelopmentTeam = Y8MK4UJH8L;
						LastSwiftMigration = 0800;
						ProvisioningStyle = Automatic;
					};
				};
			};
			buildConfigurationList = 15E672AB1DA88DF000978179 /* Build configuration list for PBXProject "AllIHave_Swift" */;
			compatibilityVersion = "Xcode 3.2";
			developmentRegion = English;
			hasScannedForEncodings = 0;
			knownRegions = (
				en,
				Base,
			);
			mainGroup = 15E672A71DA88DF000978179;
			productRefGroup = 15E672B11DA88DF000978179 /* Products */;
			projectDirPath = "";
			projectRoot = "";
			targets = (
				15E672AF1DA88DF000978179 /* AllIHave_Swift */,
			);
		};
/* End PBXProject section */

/* Begin PBXResourcesBuildPhase section */
		15E672AE1DA88DF000978179 /* Resources */ = {
			isa = PBXResourcesBuildPhase;
			buildActionMask = 2147483647;
			files = (
				15E672BE1DA88DF000978179 /* LaunchScreen.storyboard in Resources */,
				15E672BB1DA88DF000978179 /* Assets.xcassets in Resources */,
				15E672B91DA88DF000978179 /* Main.storyboard in Resources */,
				15E672CE1DA89F8700978179 /* Img0.jpg in Resources */,
				15E672D21DA89FB400978179 /* Img1.jpg in Resources */,
			);
			runOnlyForDeploymentPostprocessing = 0;
		};
/* End PBXResourcesBuildPhase section */

/* Begin PBXShellScriptBuildPhase section */
		1638E624C357E77333C71F63 /* [CP] Copy Pods Resources */ = {
			isa = PBXShellScriptBuildPhase;
			buildActionMask = 2147483647;
			files = (
			);
			inputPaths = (
			);
			name = "[CP] Copy Pods Resources";
			outputPaths = (
			);
			runOnlyForDeploymentPostprocessing = 0;
			shellPath = /bin/sh;
			shellScript = "\"${SRCROOT}/Pods/Target Support Files/Pods-AllIHave_Swift/Pods-AllIHave_Swift-resources.sh\"\n";
			showEnvVarsInLog = 0;
		};
		4A58126AB056C50559967617 /* [CP] Embed Pods Frameworks */ = {
			isa = PBXShellScriptBuildPhase;
			buildActionMask = 2147483647;
			files = (
			);
			inputPaths = (
			);
			name = "[CP] Embed Pods Frameworks";
			outputPaths = (
			);
			runOnlyForDeploymentPostprocessing = 0;
			shellPath = /bin/sh;
			shellScript = "\"${SRCROOT}/Pods/Target Support Files/Pods-AllIHave_Swift/Pods-AllIHave_Swift-frameworks.sh\"\n";
			showEnvVarsInLog = 0;
		};
		91246DDBBDD7A56E14680333 /* [CP] Check Pods Manifest.lock */ = {
			isa = PBXShellScriptBuildPhase;
			buildActionMask = 2147483647;
			files = (
			);
			inputPaths = (
			);
			name = "[CP] Check Pods Manifest.lock";
			outputPaths = (
			);
			runOnlyForDeploymentPostprocessing = 0;
			shellPath = /bin/sh;
			shellScript = "diff \"${PODS_ROOT}/../Podfile.lock\" \"${PODS_ROOT}/Manifest.lock\" > /dev/null\nif [ $? != 0 ] ; then\n    # print error to STDERR\n    echo \"error: The sandbox is not in sync with the Podfile.lock. Run 'pod install' or update your CocoaPods installation.\" >&2\n    exit 1\nfi\n";
			showEnvVarsInLog = 0;
		};
/* End PBXShellScriptBuildPhase section */

/* Begin PBXSourcesBuildPhase section */
		15E672AC1DA88DF000978179 /* Sources */ = {
			isa = PBXSourcesBuildPhase;
			buildActionMask = 2147483647;
			files = (
				15147C361DB4FE8E0099ECBD /* 3DTouchViewController.swift in Sources */,
				15E672C71DA88EAC00978179 /* MoveView.swift in Sources */,
				15FEBAD51DAA14CD00628035 /* MoveViewController.swift in Sources */,
				15E672B41DA88DF000978179 /* AppDelegate.swift in Sources */,
				15E672C91DA8938300978179 /* HomeViewController.swift in Sources */,
			);
			runOnlyForDeploymentPostprocessing = 0;
		};
/* End PBXSourcesBuildPhase section */

/* Begin PBXVariantGroup section */
		15E672B71DA88DF000978179 /* Main.storyboard */ = {
			isa = PBXVariantGroup;
			children = (
				15E672B81DA88DF000978179 /* Base */,
			);
			name = Main.storyboard;
			sourceTree = "<group>";
		};
		15E672BC1DA88DF000978179 /* LaunchScreen.storyboard */ = {
			isa = PBXVariantGroup;
			children = (
				15E672BD1DA88DF000978179 /* Base */,
			);
			name = LaunchScreen.storyboard;
			sourceTree = "<group>";
		};
/* End PBXVariantGroup section */

/* Begin XCBuildConfiguration section */
		15E672C01DA88DF000978179 /* Debug */ = {
			isa = XCBuildConfiguration;
			buildSettings = {
				ALWAYS_SEARCH_USER_PATHS = NO;
				CLANG_ANALYZER_NONNULL = YES;
				CLANG_CXX_LANGUAGE_STANDARD = "gnu++0x";
				CLANG_CXX_LIBRARY = "libc++";
				CLANG_ENABLE_MODULES = YES;
				CLANG_ENABLE_OBJC_ARC = YES;
				CLANG_WARN_BOOL_CONVERSION = YES;
				CLANG_WARN_CONSTANT_CONVERSION = YES;
				CLANG_WARN_DIRECT_OBJC_ISA_USAGE = YES_ERROR;
				CLANG_WARN_DOCUMENTATION_COMMENTS = YES;
				CLANG_WARN_EMPTY_BODY = YES;
				CLANG_WARN_ENUM_CONVERSION = YES;
				CLANG_WARN_INFINITE_RECURSION = YES;
				CLANG_WARN_INT_CONVERSION = YES;
				CLANG_WARN_OBJC_ROOT_CLASS = YES_ERROR;
				CLANG_WARN_SUSPICIOUS_MOVES = YES;
				CLANG_WARN_UNREACHABLE_CODE = YES;
				CLANG_WARN__DUPLICATE_METHOD_MATCH = YES;
				"CODE_SIGN_IDENTITY[sdk=iphoneos*]" = "iPhone Developer";
				COPY_PHASE_STRIP = NO;
				DEBUG_INFORMATION_FORMAT = dwarf;
				ENABLE_STRICT_OBJC_MSGSEND = YES;
				ENABLE_TESTABILITY = YES;
				GCC_C_LANGUAGE_STANDARD = gnu99;
				GCC_DYNAMIC_NO_PIC = NO;
				GCC_NO_COMMON_BLOCKS = YES;
				GCC_OPTIMIZATION_LEVEL = 0;
				GCC_PREPROCESSOR_DEFINITIONS = (
					"DEBUG=1",
					"$(inherited)",
				);
				GCC_WARN_64_TO_32_BIT_CONVERSION = YES;
				GCC_WARN_ABOUT_RETURN_TYPE = YES_ERROR;
				GCC_WARN_UNDECLARED_SELECTOR = YES;
				GCC_WARN_UNINITIALIZED_AUTOS = YES_AGGRESSIVE;
				GCC_WARN_UNUSED_FUNCTION = YES;
				GCC_WARN_UNUSED_VARIABLE = YES;
				IPHONEOS_DEPLOYMENT_TARGET = 10.0;
				MTL_ENABLE_DEBUG_INFO = YES;
				ONLY_ACTIVE_ARCH = YES;
				SDKROOT = iphoneos;
				SWIFT_ACTIVE_COMPILATION_CONDITIONS = DEBUG;
				SWIFT_OPTIMIZATION_LEVEL = "-Onone";
			};
			name = Debug;
		};
		15E672C11DA88DF000978179 /* Release */ = {
			isa = XCBuildConfiguration;
			buildSettings = {
				ALWAYS_SEARCH_USER_PATHS = NO;
				CLANG_ANALYZER_NONNULL = YES;
				CLANG_CXX_LANGUAGE_STANDARD = "gnu++0x";
				CLANG_CXX_LIBRARY = "libc++";
				CLANG_ENABLE_MODULES = YES;
				CLANG_ENABLE_OBJC_ARC = YES;
				CLANG_WARN_BOOL_CONVERSION = YES;
				CLANG_WARN_CONSTANT_CONVERSION = YES;
				CLANG_WARN_DIRECT_OBJC_ISA_USAGE = YES_ERROR;
				CLANG_WARN_DOCUMENTATION_COMMENTS = YES;
				CLANG_WARN_EMPTY_BODY = YES;
				CLANG_WARN_ENUM_CONVERSION = YES;
				CLANG_WARN_INFINITE_RECURSION = YES;
				CLANG_WARN_INT_CONVERSION = YES;
				CLANG_WARN_OBJC_ROOT_CLASS = YES_ERROR;
				CLANG_WARN_SUSPICIOUS_MOVES = YES;
				CLANG_WARN_UNREACHABLE_CODE = YES;
				CLANG_WARN__DUPLICATE_METHOD_MATCH = YES;
				"CODE_SIGN_IDENTITY[sdk=iphoneos*]" = "iPhone Developer";
				COPY_PHASE_STRIP = NO;
				DEBUG_INFORMATION_FORMAT = "dwarf-with-dsym";
				ENABLE_NS_ASSERTIONS = NO;
				ENABLE_STRICT_OBJC_MSGSEND = YES;
				GCC_C_LANGUAGE_STANDARD = gnu99;
				GCC_NO_COMMON_BLOCKS = YES;
				GCC_WARN_64_TO_32_BIT_CONVERSION = YES;
				GCC_WARN_ABOUT_RETURN_TYPE = YES_ERROR;
				GCC_WARN_UNDECLARED_SELECTOR = YES;
				GCC_WARN_UNINITIALIZED_AUTOS = YES_AGGRESSIVE;
				GCC_WARN_UNUSED_FUNCTION = YES;
				GCC_WARN_UNUSED_VARIABLE = YES;
				IPHONEOS_DEPLOYMENT_TARGET = 10.0;
				MTL_ENABLE_DEBUG_INFO = NO;
				SDKROOT = iphoneos;
				SWIFT_OPTIMIZATION_LEVEL = "-Owholemodule";
				VALIDATE_PRODUCT = YES;
			};
			name = Release;
		};
		15E672C31DA88DF000978179 /* Debug */ = {
			isa = XCBuildConfiguration;
			baseConfigurationReference = A8E73AA93BEEEF1886CDC650 /* Pods-AllIHave_Swift.debug.xcconfig */;
			buildSettings = {
				ASSETCATALOG_COMPILER_APPICON_NAME = AppIcon;
				DEVELOPMENT_TEAM = Y8MK4UJH8L;
				INFOPLIST_FILE = AllIHave_Swift/Info.plist;
				LD_RUNPATH_SEARCH_PATHS = "$(inherited) @executable_path/Frameworks";
				PRODUCT_BUNDLE_IDENTIFIER = "com.daisy.AllIHave-Swift";
				PRODUCT_NAME = "$(TARGET_NAME)";
				SWIFT_VERSION = 3.0;
			};
			name = Debug;
		};
		15E672C41DA88DF000978179 /* Release */ = {
			isa = XCBuildConfiguration;
			baseConfigurationReference = 79C1AE05B798E3E53A7A6D71 /* Pods-AllIHave_Swift.release.xcconfig */;
			buildSettings = {
				ASSETCATALOG_COMPILER_APPICON_NAME = AppIcon;
				DEVELOPMENT_TEAM = Y8MK4UJH8L;
				INFOPLIST_FILE = AllIHave_Swift/Info.plist;
				LD_RUNPATH_SEARCH_PATHS = "$(inherited) @executable_path/Frameworks";
				PRODUCT_BUNDLE_IDENTIFIER = "com.daisy.AllIHave-Swift";
				PRODUCT_NAME = "$(TARGET_NAME)";
				SWIFT_VERSION = 3.0;
			};
			name = Release;
		};
/* End XCBuildConfiguration section */

/* Begin XCConfigurationList section */
		15E672AB1DA88DF000978179 /* Build configuration list for PBXProject "AllIHave_Swift" */ = {
			isa = XCConfigurationList;
			buildConfigurations = (
				15E672C01DA88DF000978179 /* Debug */,
				15E672C11DA88DF000978179 /* Release */,
			);
			defaultConfigurationIsVisible = 0;
			defaultConfigurationName = Release;
		};
		15E672C21DA88DF000978179 /* Build configuration list for PBXNativeTarget "AllIHave_Swift" */ = {
			isa = XCConfigurationList;
			buildConfigurations = (
				15E672C31DA88DF000978179 /* Debug */,
				15E672C41DA88DF000978179 /* Release */,
			);
			defaultConfigurationIsVisible = 0;
			defaultConfigurationName = Release;
		};
/* End XCConfigurationList section */
	};
	rootObject = 15E672A81DA88DF000978179 /* Project object */;
}
